PODS:
  - Flutter (1.0.0)
  - flutter_local_notifications (0.0.1):
    - Flutter
  - flutter_webview_plugin (0.0.1):
    - Flutter
  - flutter_youtube (0.0.1):
    - Flutter
    - XCDYouTubeKit
  - FMDB (2.7.2):
    - FMDB/standard (= 2.7.2)
  - FMDB/standard (2.7.2)
  - path_provider (0.0.1):
    - Flutter
  - share (0.5.2):
    - Flutter
  - shared_preferences (0.0.1):
    - Flutter
  - sqflite (0.0.1):
    - Flutter
    - FMDB (~> 2.7.2)
  - XCDYouTubeKit (2.5.6)

DEPENDENCIES:
  - Flutter (from `.symlinks/flutter/ios`)
  - flutter_local_notifications (from `.symlinks/plugins/flutter_local_notifications/ios`)
  - flutter_webview_plugin (from `.symlinks/plugins/flutter_webview_plugin/ios`)
  - flutter_youtube (from `.symlinks/plugins/flutter_youtube/ios`)
  - path_provider (from `.symlinks/plugins/path_provider/ios`)
  - share (from `.symlinks/plugins/share/ios`)
  - shared_preferences (from `.symlinks/plugins/shared_preferences/ios`)
  - sqflite (from `.symlinks/plugins/sqflite/ios`)

SPEC REPOS:
  https://github.com/cocoapods/specs.git:
    - FMDB
    - XCDYouTubeKit

EXTERNAL SOURCES:
  Flutter:
    :path: ".symlinks/flutter/ios"
  flutter_local_notifications:
    :path: ".symlinks/plugins/flutter_local_notifications/ios"
  flutter_webview_plugin:
    :path: ".symlinks/plugins/flutter_webview_plugin/ios"
  flutter_youtube:
    :path: ".symlinks/plugins/flutter_youtube/ios"
  path_provider:
    :path: ".symlinks/plugins/path_provider/ios"
  share:
    :path: ".symlinks/plugins/share/ios"
  shared_preferences:
    :path: ".symlinks/plugins/shared_preferences/ios"
  sqflite:
    :path: ".symlinks/plugins/sqflite/ios"

SPEC CHECKSUMS:
  Flutter: 9d0fac939486c9aba2809b7982dfdbb47a7b0296
  flutter_local_notifications: 696a74904e0a0ab754e27a5f761da4a7f9153710
  flutter_webview_plugin: 116575b48572029304775b768e9f15ebfc316274
  flutter_youtube: e237870de392a5ee800e9c36a13796ed887718b2
  FMDB: 6198a90e7b6900cfc046e6bc0ef6ebb7be9236aa
  path_provider: 09407919825bfe3c2deae39453b7a5b44f467873
  share: 222b5dcc8031238af9d7de91149df65bad1aef75
  shared_preferences: 5a1d487c427ee18fcd3ea1f2a131569481834b53
  sqflite: 801b6b0983f722fa29baf00d1476e4556ada6de4
  XCDYouTubeKit: dccfe0c17dd5c5187969ec27e93069573badb08f

PODFILE CHECKSUM: 1e5af4103afd21ca5ead147d7b81d06f494f51a2

COCOAPODS: 1.5.3
